
Microsoft Visual Studio Solution File, Format Version 12.00
# Visual Studio Version 17
VisualStudioVersion = 17.0.31612.314
MinimumVisualStudioVersion = 10.0.40219.1
Project("{2150E333-8FDC-42A3-9474-1A3956D46DE8}") = "src", "src", "{14D6456E-2F9D-4483-A378-03701A6EB12D}"
EndProject
Project("{2150E333-8FDC-42A3-9474-1A3956D46DE8}") = "test", "test", "{9B6D0171-3FFD-4892-B407-B633CA4E6712}"
EndProject
Project("{9A19103F-16F7-4668-BE54-9A1E7A4F7556}") = "Microsoft.NET.Sdk.Functions.Generator.Tests", "test\Microsoft.NET.Sdk.Functions.Generator.Tests\Microsoft.NET.Sdk.Functions.Generator.Tests.csproj", "{9D59910B-B90E-4BBE-BD26-C2CBF85D37E1}"
EndProject
Project("{9A19103F-16F7-4668-BE54-9A1E7A4F7556}") = "Microsoft.NET.Sdk.Functions.Generator", "src\Microsoft.NET.Sdk.Functions.Generator\Microsoft.NET.Sdk.Functions.Generator.csproj", "{6CEDE940-9F0A-4B2A-97D4-D1EEEE42AF35}"
EndProject
Project("{2150E333-8FDC-42A3-9474-1A3956D46DE8}") = "Build", "Build", "{03DEE129-17B6-4CE0-B2D8-5B648D5BEE64}"
	ProjectSection(SolutionItems) = preProject
		build.cmd = build.cmd
		common.props = common.props
	EndProjectSection
EndProject
Project("{9A19103F-16F7-4668-BE54-9A1E7A4F7556}") = "Microsoft.NET.Sdk.Functions.MSBuild.Tests", "test\Microsoft.NET.Sdk.Functions.MSBuild.Tests\Microsoft.NET.Sdk.Functions.MSBuild.Tests.csproj", "{B80DA350-8A69-4CD2-9E60-01C51B5A8633}"
EndProject
Project("{9A19103F-16F7-4668-BE54-9A1E7A4F7556}") = "Microsoft.NET.Sdk.Functions.MSBuild", "src\Microsoft.NET.Sdk.Functions.MSBuild\Microsoft.NET.Sdk.Functions.MSBuild.csproj", "{1DB38EB5-DBA9-4678-BB99-2BCD1255DDBE}"
EndProject
Project("{9A19103F-16F7-4668-BE54-9A1E7A4F7556}") = "Microsoft.NET.Sdk.Functions.EndToEnd.Tests", "test\Microsoft.NET.Sdk.Functions.EndToEnd.Tests\Microsoft.NET.Sdk.Functions.EndToEnd.Tests.csproj", "{3F8DD976-ABCC-4B6B-B991-CEAAA4C03736}"
EndProject
Project("{9A19103F-16F7-4668-BE54-9A1E7A4F7556}") = "Microsoft.NET.Sdk.Functions", "src\Microsoft.NET.Sdk.Functions\Microsoft.NET.Sdk.Functions.csproj", "{5B57C72D-8E4E-40DC-B434-A4163C2467E4}"
EndProject
Global
	GlobalSection(SolutionConfigurationPlatforms) = preSolution
		Debug|Any CPU = Debug|Any CPU
		Release|Any CPU = Release|Any CPU
	EndGlobalSection
	GlobalSection(ProjectConfigurationPlatforms) = postSolution
		{9D59910B-B90E-4BBE-BD26-C2CBF85D37E1}.Debug|Any CPU.ActiveCfg = Debug|Any CPU
		{9D59910B-B90E-4BBE-BD26-C2CBF85D37E1}.Debug|Any CPU.Build.0 = Debug|Any CPU
		{9D59910B-B90E-4BBE-BD26-C2CBF85D37E1}.Release|Any CPU.ActiveCfg = Release|Any CPU
		{9D59910B-B90E-4BBE-BD26-C2CBF85D37E1}.Release|Any CPU.Build.0 = Release|Any CPU
		{6CEDE940-9F0A-4B2A-97D4-D1EEEE42AF35}.Debug|Any CPU.ActiveCfg = Debug|Any CPU
		{6CEDE940-9F0A-4B2A-97D4-D1EEEE42AF35}.Debug|Any CPU.Build.0 = Debug|Any CPU
		{6CEDE940-9F0A-4B2A-97D4-D1EEEE42AF35}.Release|Any CPU.ActiveCfg = Release|Any CPU
		{6CEDE940-9F0A-4B2A-97D4-D1EEEE42AF35}.Release|Any CPU.Build.0 = Release|Any CPU
		{B80DA350-8A69-4CD2-9E60-01C51B5A8633}.Debug|Any CPU.ActiveCfg = Debug|Any CPU
		{B80DA350-8A69-4CD2-9E60-01C51B5A8633}.Debug|Any CPU.Build.0 = Debug|Any CPU
		{B80DA350-8A69-4CD2-9E60-01C51B5A8633}.Release|Any CPU.ActiveCfg = Release|Any CPU
		{B80DA350-8A69-4CD2-9E60-01C51B5A8633}.Release|Any CPU.Build.0 = Release|Any CPU
		{1DB38EB5-DBA9-4678-BB99-2BCD1255DDBE}.Debug|Any CPU.ActiveCfg = Debug|Any CPU
		{1DB38EB5-DBA9-4678-BB99-2BCD1255DDBE}.Debug|Any CPU.Build.0 = Debug|Any CPU
		{1DB38EB5-DBA9-4678-BB99-2BCD1255DDBE}.Release|Any CPU.ActiveCfg = Release|Any CPU
		{1DB38EB5-DBA9-4678-BB99-2BCD1255DDBE}.Release|Any CPU.Build.0 = Release|Any CPU
		{3F8DD976-ABCC-4B6B-B991-CEAAA4C03736}.Debug|Any CPU.ActiveCfg = Debug|Any CPU
		{3F8DD976-ABCC-4B6B-B991-CEAAA4C03736}.Debug|Any CPU.Build.0 = Debug|Any CPU
		{3F8DD976-ABCC-4B6B-B991-CEAAA4C03736}.Release|Any CPU.ActiveCfg = Release|Any CPU
		{3F8DD976-ABCC-4B6B-B991-CEAAA4C03736}.Release|Any CPU.Build.0 = Release|Any CPU
		{5B57C72D-8E4E-40DC-B434-A4163C2467E4}.Debug|Any CPU.ActiveCfg = Debug|Any CPU
		{5B57C72D-8E4E-40DC-B434-A4163C2467E4}.Debug|Any CPU.Build.0 = Debug|Any CPU
		{5B57C72D-8E4E-40DC-B434-A4163C2467E4}.Release|Any CPU.ActiveCfg = Release|Any CPU
		{5B57C72D-8E4E-40DC-B434-A4163C2467E4}.Release|Any CPU.Build.0 = Release|Any CPU
	EndGlobalSection
	GlobalSection(SolutionProperties) = preSolution
		HideSolutionNode = FALSE
	EndGlobalSection
	GlobalSection(NestedProjects) = preSolution
		{9D59910B-B90E-4BBE-BD26-C2CBF85D37E1} = {9B6D0171-3FFD-4892-B407-B633CA4E6712}
		{6CEDE940-9F0A-4B2A-97D4-D1EEEE42AF35} = {14D6456E-2F9D-4483-A378-03701A6EB12D}
		{B80DA350-8A69-4CD2-9E60-01C51B5A8633} = {9B6D0171-3FFD-4892-B407-B633CA4E6712}
		{1DB38EB5-DBA9-4678-BB99-2BCD1255DDBE} = {14D6456E-2F9D-4483-A378-03701A6EB12D}
		{3F8DD976-ABCC-4B6B-B991-CEAAA4C03736} = {9B6D0171-3FFD-4892-B407-B633CA4E6712}
		{5B57C72D-8E4E-40DC-B434-A4163C2467E4} = {14D6456E-2F9D-4483-A378-03701A6EB12D}
	EndGlobalSection
	GlobalSection(ExtensibilityGlobals) = postSolution
		SolutionGuid = {DA731A15-774F-46C2-B8DF-298F828DCC2A}
	EndGlobalSection
EndGlobal
