
Microsoft Visual Studio Solution File, Format Version 12.00
# Visual Studio Version 16
VisualStudioVersion = 16.0.28803.352
MinimumVisualStudioVersion = 10.0.40219.1
Project("{9A19103F-16F7-4668-BE54-9A1E7A4F7556}") = "FunctionsSdkE2ETests", "FunctionsSdkE2ETests\FunctionsSdkE2ETests.csproj", "{A980D42F-48BA-4052-BAB2-0032A6B7516F}"
EndProject
Project("{2150E333-8FDC-42A3-9474-1A3956D46DE8}") = "TestProjects", "TestProjects", "{41E8547B-A497-4C51-B648-80DC7FE9A681}"
EndProject
Project("{9A19103F-16F7-4668-BE54-9A1E7A4F7556}") = "V3", "V3\V3\V3.csproj", "{1E490BED-97C2-4FE4-9C85-6837FB5C36A0}"
EndProject
Project("{9A19103F-16F7-4668-BE54-9A1E7A4F7556}") = "DirectRefEMG", "DirectRef\DirectRefEMG\DirectRefEMG.csproj", "{1A5C26E1-09F5-451D-A137-0E65CA38F85C}"
EndProject
Project("{2150E333-8FDC-42A3-9474-1A3956D46DE8}") = "Solution Items", "Solution Items", "{E3EBA50C-BF05-48FB-8D68-555079B759D0}"
	ProjectSection(SolutionItems) = preProject
		SdkVersion.props = SdkVersion.props
	EndProjectSection
EndProject
Project("{9A19103F-16F7-4668-BE54-9A1E7A4F7556}") = "NoSdkRef", "NoSdkRef\NoSdkRef.csproj", "{BD963FE0-0F9E-4480-AA2D-A1F9C8089327}"
EndProject
Project("{9A19103F-16F7-4668-BE54-9A1E7A4F7556}") = "RefNotFound", "Razor\RefNotFound\RefNotFound.csproj", "{41E58322-B3F0-4B2D-8B7A-0626BCEBEDA3}"
EndProject
Project("{9A19103F-16F7-4668-BE54-9A1E7A4F7556}") = "SharedStartup", "SharedStartup\SharedStartup.csproj", "{36AFB021-DBBD-447D-A6FA-78FB3023D191}"
EndProject
Project("{FAE04EC0-301F-11D3-BF4B-00C04F79EFBC}") = "PreservedDependencies", "PreservedDependencies\PreservedDependencies.csproj", "{5FD501A6-B510-4CFE-BAEA-4F44220E1DCC}"
EndProject
Global
	GlobalSection(SolutionConfigurationPlatforms) = preSolution
		Debug|Any CPU = Debug|Any CPU
		Release|Any CPU = Release|Any CPU
	EndGlobalSection
	GlobalSection(ProjectConfigurationPlatforms) = postSolution
		{A980D42F-48BA-4052-BAB2-0032A6B7516F}.Debug|Any CPU.ActiveCfg = Debug|Any CPU
		{A980D42F-48BA-4052-BAB2-0032A6B7516F}.Debug|Any CPU.Build.0 = Debug|Any CPU
		{A980D42F-48BA-4052-BAB2-0032A6B7516F}.Release|Any CPU.ActiveCfg = Release|Any CPU
		{A980D42F-48BA-4052-BAB2-0032A6B7516F}.Release|Any CPU.Build.0 = Release|Any CPU
		{1E490BED-97C2-4FE4-9C85-6837FB5C36A0}.Debug|Any CPU.ActiveCfg = Debug|Any CPU
		{1E490BED-97C2-4FE4-9C85-6837FB5C36A0}.Debug|Any CPU.Build.0 = Debug|Any CPU
		{1E490BED-97C2-4FE4-9C85-6837FB5C36A0}.Release|Any CPU.ActiveCfg = Release|Any CPU
		{1E490BED-97C2-4FE4-9C85-6837FB5C36A0}.Release|Any CPU.Build.0 = Release|Any CPU
		{1A5C26E1-09F5-451D-A137-0E65CA38F85C}.Debug|Any CPU.ActiveCfg = Debug|Any CPU
		{1A5C26E1-09F5-451D-A137-0E65CA38F85C}.Debug|Any CPU.Build.0 = Debug|Any CPU
		{1A5C26E1-09F5-451D-A137-0E65CA38F85C}.Release|Any CPU.ActiveCfg = Release|Any CPU
		{1A5C26E1-09F5-451D-A137-0E65CA38F85C}.Release|Any CPU.Build.0 = Release|Any CPU
		{BD963FE0-0F9E-4480-AA2D-A1F9C8089327}.Debug|Any CPU.ActiveCfg = Debug|Any CPU
		{BD963FE0-0F9E-4480-AA2D-A1F9C8089327}.Debug|Any CPU.Build.0 = Debug|Any CPU
		{BD963FE0-0F9E-4480-AA2D-A1F9C8089327}.Release|Any CPU.ActiveCfg = Release|Any CPU
		{BD963FE0-0F9E-4480-AA2D-A1F9C8089327}.Release|Any CPU.Build.0 = Release|Any CPU
		{41E58322-B3F0-4B2D-8B7A-0626BCEBEDA3}.Debug|Any CPU.ActiveCfg = Debug|Any CPU
		{41E58322-B3F0-4B2D-8B7A-0626BCEBEDA3}.Debug|Any CPU.Build.0 = Debug|Any CPU
		{41E58322-B3F0-4B2D-8B7A-0626BCEBEDA3}.Release|Any CPU.ActiveCfg = Release|Any CPU
		{41E58322-B3F0-4B2D-8B7A-0626BCEBEDA3}.Release|Any CPU.Build.0 = Release|Any CPU
		{36AFB021-DBBD-447D-A6FA-78FB3023D191}.Debug|Any CPU.ActiveCfg = Debug|Any CPU
		{36AFB021-DBBD-447D-A6FA-78FB3023D191}.Debug|Any CPU.Build.0 = Debug|Any CPU
		{36AFB021-DBBD-447D-A6FA-78FB3023D191}.Release|Any CPU.ActiveCfg = Release|Any CPU
		{36AFB021-DBBD-447D-A6FA-78FB3023D191}.Release|Any CPU.Build.0 = Release|Any CPU
		{5FD501A6-B510-4CFE-BAEA-4F44220E1DCC}.Debug|Any CPU.ActiveCfg = Debug|Any CPU
		{5FD501A6-B510-4CFE-BAEA-4F44220E1DCC}.Debug|Any CPU.Build.0 = Debug|Any CPU
		{5FD501A6-B510-4CFE-BAEA-4F44220E1DCC}.Release|Any CPU.ActiveCfg = Release|Any CPU
		{5FD501A6-B510-4CFE-BAEA-4F44220E1DCC}.Release|Any CPU.Build.0 = Release|Any CPU
	EndGlobalSection
	GlobalSection(SolutionProperties) = preSolution
		HideSolutionNode = FALSE
	EndGlobalSection
	GlobalSection(NestedProjects) = preSolution
		{1E490BED-97C2-4FE4-9C85-6837FB5C36A0} = {41E8547B-A497-4C51-B648-80DC7FE9A681}
		{1A5C26E1-09F5-451D-A137-0E65CA38F85C} = {41E8547B-A497-4C51-B648-80DC7FE9A681}
		{BD963FE0-0F9E-4480-AA2D-A1F9C8089327} = {41E8547B-A497-4C51-B648-80DC7FE9A681}
		{41E58322-B3F0-4B2D-8B7A-0626BCEBEDA3} = {41E8547B-A497-4C51-B648-80DC7FE9A681}
		{36AFB021-DBBD-447D-A6FA-78FB3023D191} = {41E8547B-A497-4C51-B648-80DC7FE9A681}
		{5FD501A6-B510-4CFE-BAEA-4F44220E1DCC} = {41E8547B-A497-4C51-B648-80DC7FE9A681}
	EndGlobalSection
	GlobalSection(ExtensibilityGlobals) = postSolution
		SolutionGuid = {E0021489-706A-4A64-98FA-2D1DFE28695E}
	EndGlobalSection
EndGlobal
