
Microsoft Visual Studio Solution File, Format Version 12.00
# Visual Studio Version 16
VisualStudioVersion = 16.0.29905.134
MinimumVisualStudioVersion = 10.0.40219.1
Project("{9A19103F-16F7-4668-BE54-9A1E7A4F7556}") = "NoSdkRef", "NoSdkRef\NoSdkRef.csproj", "{24D545FC-FCBC-4DE7-B94B-821D77C378A6}"
EndProject
Global
	GlobalSection(SolutionConfigurationPlatforms) = preSolution
		Debug|Any CPU = Debug|Any CPU
		Release|Any CPU = Release|Any CPU
	EndGlobalSection
	GlobalSection(ProjectConfigurationPlatforms) = postSolution
		{24D545FC-FCBC-4DE7-B94B-821D77C378A6}.Debug|Any CPU.ActiveCfg = Debug|Any CPU
		{24D545FC-FCBC-4DE7-B94B-821D77C378A6}.Debug|Any CPU.Build.0 = Debug|Any CPU
		{24D545FC-FCBC-4DE7-B94B-821D77C378A6}.Release|Any CPU.ActiveCfg = Release|Any CPU
		{24D545FC-FCBC-4DE7-B94B-821D77C378A6}.Release|Any CPU.Build.0 = Release|Any CPU
	EndGlobalSection
	GlobalSection(SolutionProperties) = preSolution
		HideSolutionNode = FALSE
	EndGlobalSection
	GlobalSection(ExtensibilityGlobals) = postSolution
		SolutionGuid = {48B5EC69-8C12-406B-943B-C41C5DA3B47F}
	EndGlobalSection
EndGlobal
