
Microsoft Visual Studio Solution File, Format Version 12.00
# Visual Studio Version 16
VisualStudioVersion = 16.0.30611.23
MinimumVisualStudioVersion = 10.0.40219.1
Project("{9A19103F-16F7-4668-BE54-9A1E7A4F7556}") = "PreservedDependencies", "PreservedDependencies\PreservedDependencies.csproj", "{4BA1535A-085C-4FA1-8AAE-D623388193E5}"
EndProject
Global
	GlobalSection(SolutionConfigurationPlatforms) = preSolution
		Debug|Any CPU = Debug|Any CPU
		Release|Any CPU = Release|Any CPU
	EndGlobalSection
	GlobalSection(ProjectConfigurationPlatforms) = postSolution
		{4BA1535A-085C-4FA1-8AAE-D623388193E5}.Debug|Any CPU.ActiveCfg = Debug|Any CPU
		{4BA1535A-085C-4FA1-8AAE-D623388193E5}.Debug|Any CPU.Build.0 = Debug|Any CPU
		{4BA1535A-085C-4FA1-8AAE-D623388193E5}.Release|Any CPU.ActiveCfg = Release|Any CPU
		{4BA1535A-085C-4FA1-8AAE-D623388193E5}.Release|Any CPU.Build.0 = Release|Any CPU
	EndGlobalSection
	GlobalSection(SolutionProperties) = preSolution
		HideSolutionNode = FALSE
	EndGlobalSection
	GlobalSection(ExtensibilityGlobals) = postSolution
		SolutionGuid = {D734900A-C074-48A9-B687-BF49AD5F5697}
	EndGlobalSection
EndGlobal
