
Microsoft Visual Studio Solution File, Format Version 12.00
# Visual Studio Version 16
VisualStudioVersion = 16.0.29009.5
MinimumVisualStudioVersion = 10.0.40219.1
Project("{9A19103F-16F7-4668-BE54-9A1E7A4F7556}") = "V1", "V1\V1\V1.csproj", "{A7F2EF9D-B1A8-4AC0-B0AA-2E0185052468}"
EndProject
Global
	GlobalSection(SolutionConfigurationPlatforms) = preSolution
		Debug|Any CPU = Debug|Any CPU
		Release|Any CPU = Release|Any CPU
	EndGlobalSection
	GlobalSection(ProjectConfigurationPlatforms) = postSolution
		{A7F2EF9D-B1A8-4AC0-B0AA-2E0185052468}.Debug|Any CPU.ActiveCfg = Debug|Any CPU
		{A7F2EF9D-B1A8-4AC0-B0AA-2E0185052468}.Debug|Any CPU.Build.0 = Debug|Any CPU
		{A7F2EF9D-B1A8-4AC0-B0AA-2E0185052468}.Release|Any CPU.ActiveCfg = Release|Any CPU
		{A7F2EF9D-B1A8-4AC0-B0AA-2E0185052468}.Release|Any CPU.Build.0 = Release|Any CPU
	EndGlobalSection
	GlobalSection(SolutionProperties) = preSolution
		HideSolutionNode = FALSE
	EndGlobalSection
	GlobalSection(ExtensibilityGlobals) = postSolution
		SolutionGuid = {7D8CF17F-B066-42D9-908F-26408D34A67C}
	EndGlobalSection
EndGlobal
