
Microsoft Visual Studio Solution File, Format Version 12.00
# Visual Studio Version 16
VisualStudioVersion = 16.0.29905.134
MinimumVisualStudioVersion = 10.0.40219.1
Project("{9A19103F-16F7-4668-BE54-9A1E7A4F7556}") = "V2", "V2\V2\V2.csproj", "{145B1A78-3CF5-4FD7-954B-DA2763BCD8E5}"
EndProject
Global
	GlobalSection(SolutionConfigurationPlatforms) = preSolution
		Debug|Any CPU = Debug|Any CPU
		Release|Any CPU = Release|Any CPU
	EndGlobalSection
	GlobalSection(ProjectConfigurationPlatforms) = postSolution
		{145B1A78-3CF5-4FD7-954B-DA2763BCD8E5}.Debug|Any CPU.ActiveCfg = Debug|Any CPU
		{145B1A78-3CF5-4FD7-954B-DA2763BCD8E5}.Debug|Any CPU.Build.0 = Debug|Any CPU
		{145B1A78-3CF5-4FD7-954B-DA2763BCD8E5}.Release|Any CPU.ActiveCfg = Release|Any CPU
		{145B1A78-3CF5-4FD7-954B-DA2763BCD8E5}.Release|Any CPU.Build.0 = Release|Any CPU
	EndGlobalSection
	GlobalSection(SolutionProperties) = preSolution
		HideSolutionNode = FALSE
	EndGlobalSection
	GlobalSection(ExtensibilityGlobals) = postSolution
		SolutionGuid = {C4B2F3C5-44C4-4CCF-9053-7D29DFBD0072}
	EndGlobalSection
EndGlobal
