
Microsoft Visual Studio Solution File, Format Version 12.00
# Visual Studio Version 16
VisualStudioVersion = 16.0.29905.134
MinimumVisualStudioVersion = 10.0.40219.1
Project("{9A19103F-16F7-4668-BE54-9A1E7A4F7556}") = "V3", "V3\V3\V3.csproj", "{86349AE8-9D48-4489-B99F-022784D5FC03}"
EndProject
Global
	GlobalSection(SolutionConfigurationPlatforms) = preSolution
		Debug|Any CPU = Debug|Any CPU
		Release|Any CPU = Release|Any CPU
	EndGlobalSection
	GlobalSection(ProjectConfigurationPlatforms) = postSolution
		{86349AE8-9D48-4489-B99F-022784D5FC03}.Debug|Any CPU.ActiveCfg = Debug|Any CPU
		{86349AE8-9D48-4489-B99F-022784D5FC03}.Debug|Any CPU.Build.0 = Debug|Any CPU
		{86349AE8-9D48-4489-B99F-022784D5FC03}.Release|Any CPU.ActiveCfg = Release|Any CPU
		{86349AE8-9D48-4489-B99F-022784D5FC03}.Release|Any CPU.Build.0 = Release|Any CPU
	EndGlobalSection
	GlobalSection(SolutionProperties) = preSolution
		HideSolutionNode = FALSE
	EndGlobalSection
	GlobalSection(ExtensibilityGlobals) = postSolution
		SolutionGuid = {FD0C4C61-C5EC-4257-A36B-2E95CA156BEF}
	EndGlobalSection
EndGlobal
